
Microsoft Visual Studio Solution File, Format Version 12.00
# Visual Studio Version 17
VisualStudioVersion = 17.2.32519.379
MinimumVisualStudioVersion = 10.0.40219.1
Project("{FAE04EC0-301F-11D3-BF4B-00C04F79EFBC}") = "PoLocalization", "PoLocalization\PoLocalization.csproj", "{8E2EF14A-751A-4CC3-BE34-CEA392799255}"
EndProject
Global
	GlobalSection(SolutionConfigurationPlatforms) = preSolution
		Debug|Any CPU = Debug|Any CPU
		Release|Any CPU = Release|Any CPU
	EndGlobalSection
	GlobalSection(ProjectConfigurationPlatforms) = postSolution
		{8E2EF14A-751A-4CC3-BE34-CEA392799255}.Debug|Any CPU.ActiveCfg = Debug|Any CPU
		{8E2EF14A-751A-4CC3-BE34-CEA392799255}.Debug|Any CPU.Build.0 = Debug|Any CPU
		{8E2EF14A-751A-4CC3-BE34-CEA392799255}.Release|Any CPU.ActiveCfg = Release|Any CPU
		{8E2EF14A-751A-4CC3-BE34-CEA392799255}.Release|Any CPU.Build.0 = Release|Any CPU
	EndGlobalSection
	GlobalSection(SolutionProperties) = preSolution
		HideSolutionNode = FALSE
	EndGlobalSection
	GlobalSection(ExtensibilityGlobals) = postSolution
		SolutionGuid = {577BC8C3-8543-45F7-8932-F7BF8E056A29}
	EndGlobalSection
EndGlobal
